{
  "name": "midi-parse",
  "version": "1.0.0",
  "lockfileVersion": 2,
  "requires": true,
  "packages": {
    "": {
      "name": "midi-parse",
      "version": "1.0.0",
      "license": "MIT",
      "dependencies": {
        "@tonejs/midi": "^2.0.28",
        "midi-json-parser": "^8.1.2",
        "optimist": "^0.5.2"
      }
    },
    "node_modules/@babel/runtime": {
      "version": "7.17.9",
      "resolved": "https://registry.npmjs.org/@babel/runtime/-/runtime-7.17.9.tgz",
      "integrity": "sha512-lSiBBvodq29uShpWGNbgFdKYNiFDo5/HIYsaCEY9ff4sb10x9jizo2+pRrSyF4jKZCXqgzuqBOQKbUm90gQwJg==",
      "dependencies": {
        "regenerator-runtime": "^0.13.4"
      },
      "engines": {
        "node": ">=6.9.0"
      }
    },
    "node_modules/@tonejs/midi": {
      "version": "2.0.28",
      "resolved": "https://registry.npmjs.org/@tonejs/midi/-/midi-2.0.28.tgz",
      "integrity": "sha512-RII6YpInPsOZ5t3Si/20QKpNqB1lZ2OCFJSOzJxz38YdY/3zqDr3uaml4JuCWkdixuPqP1/TBnXzhQ39csyoVg==",
      "dependencies": {
        "array-flatten": "^3.0.0",
        "midi-file": "^1.2.2"
      }
    },
    "node_modules/array-flatten": {
      "version": "3.0.0",
      "resolved": "https://registry.npmjs.org/array-flatten/-/array-flatten-3.0.0.tgz",
      "integrity": "sha512-zPMVc3ZYlGLNk4mpK1NzP2wg0ml9t7fUgDsayR5Y5rSzxQilzR9FGu/EH2jQOcKSAeAfWeylyW8juy3OkWRvNA=="
    },
    "node_modules/broker-factory": {
      "version": "3.0.60",
      "resolved": "https://registry.npmjs.org/broker-factory/-/broker-factory-3.0.60.tgz",
      "integrity": "sha512-5bEGI9YEouRl4sARcRC989ziqGBhBWRpnC/zA7IeBkUY+/AApnJnDqBhflA761t1836LkLD1HDpss5pbxV5NUA==",
      "dependencies": {
        "@babel/runtime": "^7.17.9",
        "fast-unique-numbers": "^6.0.14",
        "tslib": "^2.3.1",
        "worker-factory": "^6.0.60"
      }
    },
    "node_modules/compilerr": {
      "version": "9.0.14",
      "resolved": "https://registry.npmjs.org/compilerr/-/compilerr-9.0.14.tgz",
      "integrity": "sha512-XA4QpEpJNLM0NGEUkp++GpIM/BAbnypPclqmOC3+ymKS8QxFZGJg5S5VjWfeDdy0ZdhXF792KqqA7hrR6Qy5Pw==",
      "dependencies": {
        "@babel/runtime": "^7.17.9",
        "dashify": "^2.0.0",
        "indefinite-article": "0.0.2",
        "tslib": "^2.3.1"
      },
      "engines": {
        "node": ">=12.20.1"
      }
    },
    "node_modules/dashify": {
      "version": "2.0.0",
      "resolved": "https://registry.npmjs.org/dashify/-/dashify-2.0.0.tgz",
      "integrity": "sha512-hpA5C/YrPjucXypHPPc0oJ1l9Hf6wWbiOL7Ik42cxnsUOhWiCB/fylKbKqqJalW9FgkNQCw16YO8uW9Hs0Iy1A==",
      "engines": {
        "node": ">=4"
      }
    },
    "node_modules/fast-unique-numbers": {
      "version": "6.0.14",
      "resolved": "https://registry.npmjs.org/fast-unique-numbers/-/fast-unique-numbers-6.0.14.tgz",
      "integrity": "sha512-rW9DgiwmiOANREkJ9tmt68uZ4dfmJT6pKEkBO4wZMnoHkMcC2Z8lcHMZzKCySlXppwrT7XIishwZIO9e4zUkKw==",
      "dependencies": {
        "@babel/runtime": "^7.17.9",
        "tslib": "^2.3.1"
      },
      "engines": {
        "node": ">=12.20.1"
      }
    },
    "node_modules/indefinite-article": {
      "version": "0.0.2",
      "resolved": "https://registry.npmjs.org/indefinite-article/-/indefinite-article-0.0.2.tgz",
      "integrity": "sha1-S8hVJXBmz6th6mi+unXRANbiUGs="
    },
    "node_modules/midi-file": {
      "version": "1.2.2",
      "resolved": "https://registry.npmjs.org/midi-file/-/midi-file-1.2.2.tgz",
      "integrity": "sha512-y737hkfHxMikRGzBM22wtyFCo8Pt0jFFiNv7blxY6XF0Rugt8DDE97QzQ0DbJpDd8MyuT6m0ziW1rTStFNrLHw=="
    },
    "node_modules/midi-json-parser": {
      "version": "8.1.2",
      "resolved": "https://registry.npmjs.org/midi-json-parser/-/midi-json-parser-8.1.2.tgz",
      "integrity": "sha512-iK7N4n4MCfxkfcAJouG5/Uy8NHXs8YXyBviGAulhgvdLcDXVKsK8pCQpTvn+Eo1U4W0W5Hqn3j82bLxXi3q60A==",
      "dependencies": {
        "@babel/runtime": "^7.17.9",
        "midi-json-parser-broker": "^4.0.66",
        "midi-json-parser-worker": "^8.1.2",
        "tslib": "^2.3.1"
      }
    },
    "node_modules/midi-json-parser-broker": {
      "version": "4.0.66",
      "resolved": "https://registry.npmjs.org/midi-json-parser-broker/-/midi-json-parser-broker-4.0.66.tgz",
      "integrity": "sha512-7rQ05S3Pk4Gmyl32VEVo+5LYXMnfLD8r6zkI+l0WeG4cJaV7ZX1T+QzSk2zafaM0t62bwgz/94xvuXETgy7gog==",
      "dependencies": {
        "@babel/runtime": "^7.17.9",
        "broker-factory": "^3.0.60",
        "midi-json-parser-worker": "^8.1.2",
        "tslib": "^2.3.1"
      }
    },
    "node_modules/midi-json-parser-worker": {
      "version": "8.1.2",
      "resolved": "https://registry.npmjs.org/midi-json-parser-worker/-/midi-json-parser-worker-8.1.2.tgz",
      "integrity": "sha512-h4Um7/KbKDmV4Z2XlqY3JJ36FpgMRUFFTA3g2HFY5PpMLdBmbUIVakNC5nOv8EeREGXEucylhcQHy3KEM3tbkA==",
      "dependencies": {
        "@babel/runtime": "^7.17.9",
        "tslib": "^2.3.1",
        "worker-factory": "^6.0.60"
      }
    },
    "node_modules/optimist": {
      "version": "0.5.2",
      "resolved": "https://registry.npmjs.org/optimist/-/optimist-0.5.2.tgz",
      "integrity": "sha1-hcjBRUszFeSniUfoV7HfAzRQv7w=",
      "dependencies": {
        "wordwrap": "~0.0.2"
      }
    },
    "node_modules/regenerator-runtime": {
      "version": "0.13.9",
      "resolved": "https://registry.npmjs.org/regenerator-runtime/-/regenerator-runtime-0.13.9.tgz",
      "integrity": "sha512-p3VT+cOEgxFsRRA9X4lkI1E+k2/CtnKtU4gcxyaCUreilL/vqI6CdZ3wxVUx3UOUg+gnUOQQcRI7BmSI656MYA=="
    },
    "node_modules/tslib": {
      "version": "2.3.1",
      "resolved": "https://registry.npmjs.org/tslib/-/tslib-2.3.1.tgz",
      "integrity": "sha512-77EbyPPpMz+FRFRuAFlWMtmgUWGe9UOG2Z25NqCwiIjRhOf5iKGuzSe5P2w1laq+FkRy4p+PCuVkJSGkzTEKVw=="
    },
    "node_modules/wordwrap": {
      "version": "0.0.3",
      "resolved": "https://registry.npmjs.org/wordwrap/-/wordwrap-0.0.3.tgz",
      "integrity": "sha1-o9XabNXAvAAI03I0u68b7WMFkQc=",
      "engines": {
        "node": ">=0.4.0"
      }
    },
    "node_modules/worker-factory": {
      "version": "6.0.60",
      "resolved": "https://registry.npmjs.org/worker-factory/-/worker-factory-6.0.60.tgz",
      "integrity": "sha512-y4uOgn3De5xUfgV2Zd/MklUPYNGocCaeoKzHmg2rTaPX8TznHNFZmekBZQ+s1mpVZSmpAiqsCjdHOgrXblsrCQ==",
      "dependencies": {
        "@babel/runtime": "^7.17.9",
        "compilerr": "^9.0.14",
        "fast-unique-numbers": "^6.0.14",
        "tslib": "^2.3.1"
      }
    }
  },
  "dependencies": {
    "@babel/runtime": {
      "version": "7.17.9",
      "resolved": "https://registry.npmjs.org/@babel/runtime/-/runtime-7.17.9.tgz",
      "integrity": "sha512-lSiBBvodq29uShpWGNbgFdKYNiFDo5/HIYsaCEY9ff4sb10x9jizo2+pRrSyF4jKZCXqgzuqBOQKbUm90gQwJg==",
      "requires": {
        "regenerator-runtime": "^0.13.4"
      }
    },
    "@tonejs/midi": {
      "version": "2.0.28",
      "resolved": "https://registry.npmjs.org/@tonejs/midi/-/midi-2.0.28.tgz",
      "integrity": "sha512-RII6YpInPsOZ5t3Si/20QKpNqB1lZ2OCFJSOzJxz38YdY/3zqDr3uaml4JuCWkdixuPqP1/TBnXzhQ39csyoVg==",
      "requires": {
        "array-flatten": "^3.0.0",
        "midi-file": "^1.2.2"
      }
    },
    "array-flatten": {
      "version": "3.0.0",
      "resolved": "https://registry.npmjs.org/array-flatten/-/array-flatten-3.0.0.tgz",
      "integrity": "sha512-zPMVc3ZYlGLNk4mpK1NzP2wg0ml9t7fUgDsayR5Y5rSzxQilzR9FGu/EH2jQOcKSAeAfWeylyW8juy3OkWRvNA=="
    },
    "broker-factory": {
      "version": "3.0.60",
      "resolved": "https://registry.npmjs.org/broker-factory/-/broker-factory-3.0.60.tgz",
      "integrity": "sha512-5bEGI9YEouRl4sARcRC989ziqGBhBWRpnC/zA7IeBkUY+/AApnJnDqBhflA761t1836LkLD1HDpss5pbxV5NUA==",
      "requires": {
        "@babel/runtime": "^7.17.9",
        "fast-unique-numbers": "^6.0.14",
        "tslib": "^2.3.1",
        "worker-factory": "^6.0.60"
      }
    },
    "compilerr": {
      "version": "9.0.14",
      "resolved": "https://registry.npmjs.org/compilerr/-/compilerr-9.0.14.tgz",
      "integrity": "sha512-XA4QpEpJNLM0NGEUkp++GpIM/BAbnypPclqmOC3+ymKS8QxFZGJg5S5VjWfeDdy0ZdhXF792KqqA7hrR6Qy5Pw==",
      "requires": {
        "@babel/runtime": "^7.17.9",
        "dashify": "^2.0.0",
        "indefinite-article": "0.0.2",
        "tslib": "^2.3.1"
      }
    },
    "dashify": {
      "version": "2.0.0",
      "resolved": "https://registry.npmjs.org/dashify/-/dashify-2.0.0.tgz",
      "integrity": "sha512-hpA5C/YrPjucXypHPPc0oJ1l9Hf6wWbiOL7Ik42cxnsUOhWiCB/fylKbKqqJalW9FgkNQCw16YO8uW9Hs0Iy1A=="
    },
    "fast-unique-numbers": {
      "version": "6.0.14",
      "resolved": "https://registry.npmjs.org/fast-unique-numbers/-/fast-unique-numbers-6.0.14.tgz",
      "integrity": "sha512-rW9DgiwmiOANREkJ9tmt68uZ4dfmJT6pKEkBO4wZMnoHkMcC2Z8lcHMZzKCySlXppwrT7XIishwZIO9e4zUkKw==",
      "requires": {
        "@babel/runtime": "^7.17.9",
        "tslib": "^2.3.1"
      }
    },
    "indefinite-article": {
      "version": "0.0.2",
      "resolved": "https://registry.npmjs.org/indefinite-article/-/indefinite-article-0.0.2.tgz",
      "integrity": "sha1-S8hVJXBmz6th6mi+unXRANbiUGs="
    },
    "midi-file": {
      "version": "1.2.2",
      "resolved": "https://registry.npmjs.org/midi-file/-/midi-file-1.2.2.tgz",
      "integrity": "sha512-y737hkfHxMikRGzBM22wtyFCo8Pt0jFFiNv7blxY6XF0Rugt8DDE97QzQ0DbJpDd8MyuT6m0ziW1rTStFNrLHw=="
    },
    "midi-json-parser": {
      "version": "8.1.2",
      "resolved": "https://registry.npmjs.org/midi-json-parser/-/midi-json-parser-8.1.2.tgz",
      "integrity": "sha512-iK7N4n4MCfxkfcAJouG5/Uy8NHXs8YXyBviGAulhgvdLcDXVKsK8pCQpTvn+Eo1U4W0W5Hqn3j82bLxXi3q60A==",
      "requires": {
        "@babel/runtime": "^7.17.9",
        "midi-json-parser-broker": "^4.0.66",
        "midi-json-parser-worker": "^8.1.2",
        "tslib": "^2.3.1"
      }
    },
    "midi-json-parser-broker": {
      "version": "4.0.66",
      "resolved": "https://registry.npmjs.org/midi-json-parser-broker/-/midi-json-parser-broker-4.0.66.tgz",
      "integrity": "sha512-7rQ05S3Pk4Gmyl32VEVo+5LYXMnfLD8r6zkI+l0WeG4cJaV7ZX1T+QzSk2zafaM0t62bwgz/94xvuXETgy7gog==",
      "requires": {
        "@babel/runtime": "^7.17.9",
        "broker-factory": "^3.0.60",
        "midi-json-parser-worker": "^8.1.2",
        "tslib": "^2.3.1"
      }
    },
    "midi-json-parser-worker": {
      "version": "8.1.2",
      "resolved": "https://registry.npmjs.org/midi-json-parser-worker/-/midi-json-parser-worker-8.1.2.tgz",
      "integrity": "sha512-h4Um7/KbKDmV4Z2XlqY3JJ36FpgMRUFFTA3g2HFY5PpMLdBmbUIVakNC5nOv8EeREGXEucylhcQHy3KEM3tbkA==",
      "requires": {
        "@babel/runtime": "^7.17.9",
        "tslib": "^2.3.1",
        "worker-factory": "^6.0.60"
      }
    },
    "optimist": {
      "version": "0.5.2",
      "resolved": "https://registry.npmjs.org/optimist/-/optimist-0.5.2.tgz",
      "integrity": "sha1-hcjBRUszFeSniUfoV7HfAzRQv7w=",
      "requires": {
        "wordwrap": "~0.0.2"
      }
    },
    "regenerator-runtime": {
      "version": "0.13.9",
      "resolved": "https://registry.npmjs.org/regenerator-runtime/-/regenerator-runtime-0.13.9.tgz",
      "integrity": "sha512-p3VT+cOEgxFsRRA9X4lkI1E+k2/CtnKtU4gcxyaCUreilL/vqI6CdZ3wxVUx3UOUg+gnUOQQcRI7BmSI656MYA=="
    },
    "tslib": {
      "version": "2.3.1",
      "resolved": "https://registry.npmjs.org/tslib/-/tslib-2.3.1.tgz",
      "integrity": "sha512-77EbyPPpMz+FRFRuAFlWMtmgUWGe9UOG2Z25NqCwiIjRhOf5iKGuzSe5P2w1laq+FkRy4p+PCuVkJSGkzTEKVw=="
    },
    "wordwrap": {
      "version": "0.0.3",
      "resolved": "https://registry.npmjs.org/wordwrap/-/wordwrap-0.0.3.tgz",
      "integrity": "sha1-o9XabNXAvAAI03I0u68b7WMFkQc="
    },
    "worker-factory": {
      "version": "6.0.60",
      "resolved": "https://registry.npmjs.org/worker-factory/-/worker-factory-6.0.60.tgz",
      "integrity": "sha512-y4uOgn3De5xUfgV2Zd/MklUPYNGocCaeoKzHmg2rTaPX8TznHNFZmekBZQ+s1mpVZSmpAiqsCjdHOgrXblsrCQ==",
      "requires": {
        "@babel/runtime": "^7.17.9",
        "compilerr": "^9.0.14",
        "fast-unique-numbers": "^6.0.14",
        "tslib": "^2.3.1"
      }
    }
  }
}
